// !$*UTF8*$!
{
	archiveVersion = 1;
	classes = {
	};
	objectVersion = 46;
	objects = {

/* Begin PBXBuildFile section */
		5208C45519D283F5002413C5 /* PAPER.png in Resources */ = {isa = PBXBuildFile; fileRef = 5208C45219D283F5002413C5 /* PAPER.png */; };
		5208C45619D283F5002413C5 /* ROCK.png in Resources */ = {isa = PBXBuildFile; fileRef = 5208C45319D283F5002413C5 /* ROCK.png */; };
		5208C45719D283F5002413C5 /* SCISSORS.png in Resources */ = {isa = PBXBuildFile; fileRef = 5208C45419D283F5002413C5 /* SCISSORS.png */; };
		CE046FF819CA36DD00AE0B9E /* Foundation.framework in Frameworks */ = {isa = PBXBuildFile; fileRef = CE046FF719CA36DD00AE0B9E /* Foundation.framework */; };
		CE046FFA19CA36DD00AE0B9E /* CoreGraphics.framework in Frameworks */ = {isa = PBXBuildFile; fileRef = CE046FF919CA36DD00AE0B9E /* CoreGraphics.framework */; };
		CE046FFC19CA36DD00AE0B9E /* UIKit.framework in Frameworks */ = {isa = PBXBuildFile; fileRef = CE046FFB19CA36DD00AE0B9E /* UIKit.framework */; };
		CE04700219CA36DD00AE0B9E /* InfoPlist.strings in Resources */ = {isa = PBXBuildFile; fileRef = CE04700019CA36DD00AE0B9E /* InfoPlist.strings */; };
		CE04700419CA36DD00AE0B9E /* main.m in Sources */ = {isa = PBXBuildFile; fileRef = CE04700319CA36DD00AE0B9E /* main.m */; };
		CE04700819CA36DD00AE0B9E /* PSRAppDelegate.m in Sources */ = {isa = PBXBuildFile; fileRef = CE04700719CA36DD00AE0B9E /* PSRAppDelegate.m */; };
		CE04700B19CA36DD00AE0B9E /* Main.storyboard in Resources */ = {isa = PBXBuildFile; fileRef = CE04700919CA36DD00AE0B9E /* Main.storyboard */; };
		CE04700E19CA36DD00AE0B9E /* PSRViewController.m in Sources */ = {isa = PBXBuildFile; fileRef = CE04700D19CA36DD00AE0B9E /* PSRViewController.m */; };
		CE04701019CA36DD00AE0B9E /* Images.xcassets in Resources */ = {isa = PBXBuildFile; fileRef = CE04700F19CA36DD00AE0B9E /* Images.xcassets */; };
		CE04701719CA36DD00AE0B9E /* XCTest.framework in Frameworks */ = {isa = PBXBuildFile; fileRef = CE04701619CA36DD00AE0B9E /* XCTest.framework */; };
		CE04702119CA36DD00AE0B9E /* InfoPlist.strings in Resources */ = {isa = PBXBuildFile; fileRef = CE04701F19CA36DD00AE0B9E /* InfoPlist.strings */; };
		CE04702319CA36DD00AE0B9E /* PaperScissorsRockTests.m in Sources */ = {isa = PBXBuildFile; fileRef = CE04702219CA36DD00AE0B9E /* PaperScissorsRockTests.m */; };
		CE04702D19CA37EB00AE0B9E /* UbertestersSDK.framework in Frameworks */ = {isa = PBXBuildFile; fileRef = CE04702C19CA37EB00AE0B9E /* UbertestersSDK.framework */; };
		CE04702F19CA380E00AE0B9E /* AdSupport.framework in Frameworks */ = {isa = PBXBuildFile; fileRef = CE04702E19CA380E00AE0B9E /* AdSupport.framework */; };
		CE04703119CA381200AE0B9E /* QuartzCore.framework in Frameworks */ = {isa = PBXBuildFile; fileRef = CE04703019CA381200AE0B9E /* QuartzCore.framework */; };
		CE04703319CA381700AE0B9E /* CoreImage.framework in Frameworks */ = {isa = PBXBuildFile; fileRef = CE04703219CA381700AE0B9E /* CoreImage.framework */; };
		CE04703519CA381F00AE0B9E /* SystemConfiguration.framework in Frameworks */ = {isa = PBXBuildFile; fileRef = CE04703419CA381F00AE0B9E /* SystemConfiguration.framework */; };
		CE04703719CA382400AE0B9E /* CoreTelephony.framework in Frameworks */ = {isa = PBXBuildFile; fileRef = CE04703619CA382400AE0B9E /* CoreTelephony.framework */; };
		CE04703919CA382900AE0B9E /* CoreLocation.framework in Frameworks */ = {isa = PBXBuildFile; fileRef = CE04703819CA382900AE0B9E /* CoreLocation.framework */; };
		CE04703B19CA382E00AE0B9E /* AudioToolbox.framework in Frameworks */ = {isa = PBXBuildFile; fileRef = CE04703A19CA382E00AE0B9E /* AudioToolbox.framework */; };
		CE04703D19CA383200AE0B9E /* OpenGLES.framework in Frameworks */ = {isa = PBXBuildFile; fileRef = CE04703C19CA383200AE0B9E /* OpenGLES.framework */; };
		CE04703F19CA383600AE0B9E /* CoreMotion.framework in Frameworks */ = {isa = PBXBuildFile; fileRef = CE04703E19CA383600AE0B9E /* CoreMotion.framework */; };
		CE04704319CA563F00AE0B9E /* MCManager.m in Sources */ = {isa = PBXBuildFile; fileRef = CE04704219CA563F00AE0B9E /* MCManager.m */; };
		CE04704619CA57F300AE0B9E /* ConnectionsViewController.m in Sources */ = {isa = PBXBuildFile; fileRef = CE04704519CA57F300AE0B9E /* ConnectionsViewController.m */; };
		CE04704A19CA812A00AE0B9E /* PSRLandingViewController.m in Sources */ = {isa = PBXBuildFile; fileRef = CE04704919CA812A00AE0B9E /* PSRLandingViewController.m */; };
		CE04704D19CA850700AE0B9E /* PSRGameViewController.m in Sources */ = {isa = PBXBuildFile; fileRef = CE04704C19CA850700AE0B9E /* PSRGameViewController.m */; };
		CE04705019CA857C00AE0B9E /* PSRGame.m in Sources */ = {isa = PBXBuildFile; fileRef = CE04704F19CA857C00AE0B9E /* PSRGame.m */; };
		DD8219BE19CE31B0004E96BE /* PSRUser.m in Sources */ = {isa = PBXBuildFile; fileRef = DD8219BD19CE31B0004E96BE /* PSRUser.m */; };
		DD8219C119CE32E1004E96BE /* PSRConstants.m in Sources */ = {isa = PBXBuildFile; fileRef = DD8219C019CE32E1004E96BE /* PSRConstants.m */; };
		DD8219CD19CE355B004E96BE /* CoreMotion.framework in Frameworks */ = {isa = PBXBuildFile; fileRef = CE04703E19CA383600AE0B9E /* CoreMotion.framework */; };
		DD8219CE19CE355B004E96BE /* OpenGLES.framework in Frameworks */ = {isa = PBXBuildFile; fileRef = CE04703C19CA383200AE0B9E /* OpenGLES.framework */; };
		DD8219CF19CE355B004E96BE /* AudioToolbox.framework in Frameworks */ = {isa = PBXBuildFile; fileRef = CE04703A19CA382E00AE0B9E /* AudioToolbox.framework */; };
		DD8219D019CE355B004E96BE /* CoreLocation.framework in Frameworks */ = {isa = PBXBuildFile; fileRef = CE04703819CA382900AE0B9E /* CoreLocation.framework */; };
		DD8219D119CE355B004E96BE /* CoreTelephony.framework in Frameworks */ = {isa = PBXBuildFile; fileRef = CE04703619CA382400AE0B9E /* CoreTelephony.framework */; };
		DD8219D219CE355B004E96BE /* SystemConfiguration.framework in Frameworks */ = {isa = PBXBuildFile; fileRef = CE04703419CA381F00AE0B9E /* SystemConfiguration.framework */; };
		DD8219D319CE355B004E96BE /* CoreImage.framework in Frameworks */ = {isa = PBXBuildFile; fileRef = CE04703219CA381700AE0B9E /* CoreImage.framework */; };
		DD8219D419CE355B004E96BE /* QuartzCore.framework in Frameworks */ = {isa = PBXBuildFile; fileRef = CE04703019CA381200AE0B9E /* QuartzCore.framework */; };
		DD8219D519CE355B004E96BE /* AdSupport.framework in Frameworks */ = {isa = PBXBuildFile; fileRef = CE04702E19CA380E00AE0B9E /* AdSupport.framework */; };
		DD8219D619CE355B004E96BE /* UbertestersSDK.framework in Frameworks */ = {isa = PBXBuildFile; fileRef = CE04702C19CA37EB00AE0B9E /* UbertestersSDK.framework */; };
		DD8219D719CE355B004E96BE /* Foundation.framework in Frameworks */ = {isa = PBXBuildFile; fileRef = CE046FF719CA36DD00AE0B9E /* Foundation.framework */; };
		DD8219D819CE355B004E96BE /* CoreGraphics.framework in Frameworks */ = {isa = PBXBuildFile; fileRef = CE046FF919CA36DD00AE0B9E /* CoreGraphics.framework */; };
		DD8219D919CE355B004E96BE /* UIKit.framework in Frameworks */ = {isa = PBXBuildFile; fileRef = CE046FFB19CA36DD00AE0B9E /* UIKit.framework */; };
		EE1EB97D141545508D606293 /* libPods-PaperScissorsRock.a in Frameworks */ = {isa = PBXBuildFile; fileRef = FF4BF69D1985408F88A877A8 /* libPods-PaperScissorsRock.a */; };
		FA87801B19D29D0A00BFA081 /* MGlyphDetectorView.m in Sources */ = {isa = PBXBuildFile; fileRef = FA87801A19D29D0A00BFA081 /* MGlyphDetectorView.m */; };
		FA87804719D29D3800BFA081 /* CDataScanner.m in Sources */ = {isa = PBXBuildFile; fileRef = FA87801E19D29D3800BFA081 /* CDataScanner.m */; };
		FA87804819D29D3800BFA081 /* CFilteringJSONSerializer.m in Sources */ = {isa = PBXBuildFile; fileRef = FA87802119D29D3800BFA081 /* CFilteringJSONSerializer.m */; };
		FA87804919D29D3800BFA081 /* CJSONDeserializer_BlocksExtensions.m in Sources */ = {isa = PBXBuildFile; fileRef = FA87802319D29D3800BFA081 /* CJSONDeserializer_BlocksExtensions.m */; };
		FA87804A19D29D3800BFA081 /* CJSONSerialization.m in Sources */ = {isa = PBXBuildFile; fileRef = FA87802519D29D3800BFA081 /* CJSONSerialization.m */; };
		FA87804B19D29D3800BFA081 /* CJSONSerializedData.m in Sources */ = {isa = PBXBuildFile; fileRef = FA87802719D29D3800BFA081 /* CJSONSerializedData.m */; };
		FA87804C19D29D3800BFA081 /* CDataScanner_Extensions.m in Sources */ = {isa = PBXBuildFile; fileRef = FA87802A19D29D3800BFA081 /* CDataScanner_Extensions.m */; };
		FA87804D19D29D3800BFA081 /* NSDictionary_JSONExtensions.m in Sources */ = {isa = PBXBuildFile; fileRef = FA87802C19D29D3800BFA081 /* NSDictionary_JSONExtensions.m */; };
		FA87804E19D29D3800BFA081 /* CJSONDeserializer.m in Sources */ = {isa = PBXBuildFile; fileRef = FA87802F19D29D3800BFA081 /* CJSONDeserializer.m */; };
		FA87804F19D29D3800BFA081 /* CJSONScanner.m in Sources */ = {isa = PBXBuildFile; fileRef = FA87803119D29D3800BFA081 /* CJSONScanner.m */; };
		FA87805019D29D3800BFA081 /* CJSONSerializer.m in Sources */ = {isa = PBXBuildFile; fileRef = FA87803319D29D3800BFA081 /* CJSONSerializer.m */; };
		FA87805119D29D3800BFA081 /* ndollar.js in Sources */ = {isa = PBXBuildFile; fileRef = FA87803519D29D3800BFA081 /* ndollar.js */; };
		FA87805219D29D3800BFA081 /* protractor-chi2010.pdf in Resources */ = {isa = PBXBuildFile; fileRef = FA87803619D29D3800BFA081 /* protractor-chi2010.pdf */; };
		FA87805319D29D3800BFA081 /* WTMDetectionResult.m in Sources */ = {isa = PBXBuildFile; fileRef = FA87803819D29D3800BFA081 /* WTMDetectionResult.m */; };
		FA87805419D29D3800BFA081 /* WTMGlyph.m in Sources */ = {isa = PBXBuildFile; fileRef = FA87803B19D29D3800BFA081 /* WTMGlyph.m */; };
		FA87805519D29D3800BFA081 /* WTMGlyphDefaults.m in Sources */ = {isa = PBXBuildFile; fileRef = FA87803D19D29D3800BFA081 /* WTMGlyphDefaults.m */; };
		FA87805619D29D3800BFA081 /* WTMGlyphDetector.m in Sources */ = {isa = PBXBuildFile; fileRef = FA87804019D29D3800BFA081 /* WTMGlyphDetector.m */; };
		FA87805719D29D3800BFA081 /* WTMGlyphStroke.m in Sources */ = {isa = PBXBuildFile; fileRef = FA87804219D29D3800BFA081 /* WTMGlyphStroke.m */; };
		FA87805819D29D3800BFA081 /* WTMGlyphTemplate.m in Sources */ = {isa = PBXBuildFile; fileRef = FA87804419D29D3800BFA081 /* WTMGlyphTemplate.m */; };
		FA87805919D29D3800BFA081 /* WTMGlyphUtilities.m in Sources */ = {isa = PBXBuildFile; fileRef = FA87804619D29D3800BFA081 /* WTMGlyphUtilities.m */; };
		FA87808819D29D5300BFA081 /* P.json in Resources */ = {isa = PBXBuildFile; fileRef = FA87806B19D29D5300BFA081 /* P.json */; };
		FA87808A19D29D5300BFA081 /* R.json in Resources */ = {isa = PBXBuildFile; fileRef = FA87806D19D29D5300BFA081 /* R.json */; };
		FA87808B19D29D5300BFA081 /* S.json in Resources */ = {isa = PBXBuildFile; fileRef = FA87806E19D29D5300BFA081 /* S.json */; };
/* End PBXBuildFile section */

/* Begin PBXContainerItemProxy section */
		CE04701A19CA36DD00AE0B9E /* PBXContainerItemProxy */ = {
			isa = PBXContainerItemProxy;
			containerPortal = CE046FEC19CA36DD00AE0B9E /* Project object */;
			proxyType = 1;
			remoteGlobalIDString = CE046FF319CA36DD00AE0B9E;
			remoteInfo = PaperScissorsRock;
		};
/* End PBXContainerItemProxy section */

/* Begin PBXFileReference section */
		5208C45219D283F5002413C5 /* PAPER.png */ = {isa = PBXFileReference; lastKnownFileType = image.png; path = PAPER.png; sourceTree = "<group>"; };
		5208C45319D283F5002413C5 /* ROCK.png */ = {isa = PBXFileReference; lastKnownFileType = image.png; path = ROCK.png; sourceTree = "<group>"; };
		5208C45419D283F5002413C5 /* SCISSORS.png */ = {isa = PBXFileReference; lastKnownFileType = image.png; path = SCISSORS.png; sourceTree = "<group>"; };
		BC33806F4CDB47579E20341E /* Pods-PaperScissorsRock.xcconfig */ = {isa = PBXFileReference; includeInIndex = 1; lastKnownFileType = text.xcconfig; name = "Pods-PaperScissorsRock.xcconfig"; path = "Pods/Pods-PaperScissorsRock.xcconfig"; sourceTree = "<group>"; };
		CE046FF419CA36DD00AE0B9E /* PaperScissorsRock.app */ = {isa = PBXFileReference; explicitFileType = wrapper.application; includeInIndex = 0; path = PaperScissorsRock.app; sourceTree = BUILT_PRODUCTS_DIR; };
		CE046FF719CA36DD00AE0B9E /* Foundation.framework */ = {isa = PBXFileReference; lastKnownFileType = wrapper.framework; name = Foundation.framework; path = System/Library/Frameworks/Foundation.framework; sourceTree = SDKROOT; };
		CE046FF919CA36DD00AE0B9E /* CoreGraphics.framework */ = {isa = PBXFileReference; lastKnownFileType = wrapper.framework; name = CoreGraphics.framework; path = System/Library/Frameworks/CoreGraphics.framework; sourceTree = SDKROOT; };
		CE046FFB19CA36DD00AE0B9E /* UIKit.framework */ = {isa = PBXFileReference; lastKnownFileType = wrapper.framework; name = UIKit.framework; path = System/Library/Frameworks/UIKit.framework; sourceTree = SDKROOT; };
		CE046FFF19CA36DD00AE0B9E /* PaperScissorsRock-Info.plist */ = {isa = PBXFileReference; lastKnownFileType = text.plist.xml; path = "PaperScissorsRock-Info.plist"; sourceTree = "<group>"; };
		CE04700119CA36DD00AE0B9E /* en */ = {isa = PBXFileReference; lastKnownFileType = text.plist.strings; name = en; path = en.lproj/InfoPlist.strings; sourceTree = "<group>"; };
		CE04700319CA36DD00AE0B9E /* main.m */ = {isa = PBXFileReference; lastKnownFileType = sourcecode.c.objc; path = main.m; sourceTree = "<group>"; };
		CE04700519CA36DD00AE0B9E /* PaperScissorsRock-Prefix.pch */ = {isa = PBXFileReference; lastKnownFileType = sourcecode.c.h; path = "PaperScissorsRock-Prefix.pch"; sourceTree = "<group>"; };
		CE04700619CA36DD00AE0B9E /* PSRAppDelegate.h */ = {isa = PBXFileReference; lastKnownFileType = sourcecode.c.h; path = PSRAppDelegate.h; sourceTree = "<group>"; };
		CE04700719CA36DD00AE0B9E /* PSRAppDelegate.m */ = {isa = PBXFileReference; lastKnownFileType = sourcecode.c.objc; path = PSRAppDelegate.m; sourceTree = "<group>"; };
		CE04700A19CA36DD00AE0B9E /* Base */ = {isa = PBXFileReference; lastKnownFileType = file.storyboard; name = Base; path = Base.lproj/Main.storyboard; sourceTree = "<group>"; };
		CE04700C19CA36DD00AE0B9E /* PSRViewController.h */ = {isa = PBXFileReference; lastKnownFileType = sourcecode.c.h; path = PSRViewController.h; sourceTree = "<group>"; };
		CE04700D19CA36DD00AE0B9E /* PSRViewController.m */ = {isa = PBXFileReference; lastKnownFileType = sourcecode.c.objc; path = PSRViewController.m; sourceTree = "<group>"; };
		CE04700F19CA36DD00AE0B9E /* Images.xcassets */ = {isa = PBXFileReference; lastKnownFileType = folder.assetcatalog; path = Images.xcassets; sourceTree = "<group>"; };
		CE04701519CA36DD00AE0B9E /* PaperScissorsRockTests.xctest */ = {isa = PBXFileReference; explicitFileType = wrapper.cfbundle; includeInIndex = 0; path = PaperScissorsRockTests.xctest; sourceTree = BUILT_PRODUCTS_DIR; };
		CE04701619CA36DD00AE0B9E /* XCTest.framework */ = {isa = PBXFileReference; lastKnownFileType = wrapper.framework; name = XCTest.framework; path = Library/Frameworks/XCTest.framework; sourceTree = DEVELOPER_DIR; };
		CE04701E19CA36DD00AE0B9E /* PaperScissorsRockTests-Info.plist */ = {isa = PBXFileReference; lastKnownFileType = text.plist.xml; path = "PaperScissorsRockTests-Info.plist"; sourceTree = "<group>"; };
		CE04702019CA36DD00AE0B9E /* en */ = {isa = PBXFileReference; lastKnownFileType = text.plist.strings; name = en; path = en.lproj/InfoPlist.strings; sourceTree = "<group>"; };
		CE04702219CA36DD00AE0B9E /* PaperScissorsRockTests.m */ = {isa = PBXFileReference; lastKnownFileType = sourcecode.c.objc; path = PaperScissorsRockTests.m; sourceTree = "<group>"; };
		CE04702C19CA37EB00AE0B9E /* UbertestersSDK.framework */ = {isa = PBXFileReference; lastKnownFileType = wrapper.framework; name = UbertestersSDK.framework; path = PaperScissorsRock/UbertestersSDK.framework; sourceTree = "<group>"; };
		CE04702E19CA380E00AE0B9E /* AdSupport.framework */ = {isa = PBXFileReference; lastKnownFileType = wrapper.framework; name = AdSupport.framework; path = System/Library/Frameworks/AdSupport.framework; sourceTree = SDKROOT; };
		CE04703019CA381200AE0B9E /* QuartzCore.framework */ = {isa = PBXFileReference; lastKnownFileType = wrapper.framework; name = QuartzCore.framework; path = System/Library/Frameworks/QuartzCore.framework; sourceTree = SDKROOT; };
		CE04703219CA381700AE0B9E /* CoreImage.framework */ = {isa = PBXFileReference; lastKnownFileType = wrapper.framework; name = CoreImage.framework; path = System/Library/Frameworks/CoreImage.framework; sourceTree = SDKROOT; };
		CE04703419CA381F00AE0B9E /* SystemConfiguration.framework */ = {isa = PBXFileReference; lastKnownFileType = wrapper.framework; name = SystemConfiguration.framework; path = System/Library/Frameworks/SystemConfiguration.framework; sourceTree = SDKROOT; };
		CE04703619CA382400AE0B9E /* CoreTelephony.framework */ = {isa = PBXFileReference; lastKnownFileType = wrapper.framework; name = CoreTelephony.framework; path = System/Library/Frameworks/CoreTelephony.framework; sourceTree = SDKROOT; };
		CE04703819CA382900AE0B9E /* CoreLocation.framework */ = {isa = PBXFileReference; lastKnownFileType = wrapper.framework; name = CoreLocation.framework; path = System/Library/Frameworks/CoreLocation.framework; sourceTree = SDKROOT; };
		CE04703A19CA382E00AE0B9E /* AudioToolbox.framework */ = {isa = PBXFileReference; lastKnownFileType = wrapper.framework; name = AudioToolbox.framework; path = System/Library/Frameworks/AudioToolbox.framework; sourceTree = SDKROOT; };
		CE04703C19CA383200AE0B9E /* OpenGLES.framework */ = {isa = PBXFileReference; lastKnownFileType = wrapper.framework; name = OpenGLES.framework; path = System/Library/Frameworks/OpenGLES.framework; sourceTree = SDKROOT; };
		CE04703E19CA383600AE0B9E /* CoreMotion.framework */ = {isa = PBXFileReference; lastKnownFileType = wrapper.framework; name = CoreMotion.framework; path = System/Library/Frameworks/CoreMotion.framework; sourceTree = SDKROOT; };
		CE04704119CA563F00AE0B9E /* MCManager.h */ = {isa = PBXFileReference; fileEncoding = 4; lastKnownFileType = sourcecode.c.h; path = MCManager.h; sourceTree = "<group>"; };
		CE04704219CA563F00AE0B9E /* MCManager.m */ = {isa = PBXFileReference; fileEncoding = 4; lastKnownFileType = sourcecode.c.objc; path = MCManager.m; sourceTree = "<group>"; };
		CE04704419CA57F300AE0B9E /* ConnectionsViewController.h */ = {isa = PBXFileReference; fileEncoding = 4; lastKnownFileType = sourcecode.c.h; path = ConnectionsViewController.h; sourceTree = "<group>"; };
		CE04704519CA57F300AE0B9E /* ConnectionsViewController.m */ = {isa = PBXFileReference; fileEncoding = 4; lastKnownFileType = sourcecode.c.objc; path = ConnectionsViewController.m; sourceTree = "<group>"; };
		CE04704819CA812A00AE0B9E /* PSRLandingViewController.h */ = {isa = PBXFileReference; fileEncoding = 4; lastKnownFileType = sourcecode.c.h; path = PSRLandingViewController.h; sourceTree = "<group>"; };
		CE04704919CA812A00AE0B9E /* PSRLandingViewController.m */ = {isa = PBXFileReference; fileEncoding = 4; lastKnownFileType = sourcecode.c.objc; path = PSRLandingViewController.m; sourceTree = "<group>"; };
		CE04704B19CA850700AE0B9E /* PSRGameViewController.h */ = {isa = PBXFileReference; fileEncoding = 4; lastKnownFileType = sourcecode.c.h; path = PSRGameViewController.h; sourceTree = "<group>"; };
		CE04704C19CA850700AE0B9E /* PSRGameViewController.m */ = {isa = PBXFileReference; fileEncoding = 4; lastKnownFileType = sourcecode.c.objc; path = PSRGameViewController.m; sourceTree = "<group>"; };
		CE04704E19CA857C00AE0B9E /* PSRGame.h */ = {isa = PBXFileReference; fileEncoding = 4; lastKnownFileType = sourcecode.c.h; path = PSRGame.h; sourceTree = "<group>"; };
		CE04704F19CA857C00AE0B9E /* PSRGame.m */ = {isa = PBXFileReference; fileEncoding = 4; lastKnownFileType = sourcecode.c.objc; path = PSRGame.m; sourceTree = "<group>"; };
		DD8219BC19CE31B0004E96BE /* PSRUser.h */ = {isa = PBXFileReference; fileEncoding = 4; lastKnownFileType = sourcecode.c.h; path = PSRUser.h; sourceTree = "<group>"; };
		DD8219BD19CE31B0004E96BE /* PSRUser.m */ = {isa = PBXFileReference; fileEncoding = 4; lastKnownFileType = sourcecode.c.objc; path = PSRUser.m; sourceTree = "<group>"; };
		DD8219BF19CE32E1004E96BE /* PSRConstants.h */ = {isa = PBXFileReference; fileEncoding = 4; lastKnownFileType = sourcecode.c.h; path = PSRConstants.h; sourceTree = "<group>"; };
		DD8219C019CE32E1004E96BE /* PSRConstants.m */ = {isa = PBXFileReference; fileEncoding = 4; lastKnownFileType = sourcecode.c.objc; path = PSRConstants.m; sourceTree = "<group>"; };
		FA87801919D29D0A00BFA081 /* MGlyphDetectorView.h */ = {isa = PBXFileReference; fileEncoding = 4; lastKnownFileType = sourcecode.c.h; name = MGlyphDetectorView.h; path = ../MGlyphDetectorView.h; sourceTree = "<group>"; };
		FA87801A19D29D0A00BFA081 /* MGlyphDetectorView.m */ = {isa = PBXFileReference; fileEncoding = 4; lastKnownFileType = sourcecode.c.objc; name = MGlyphDetectorView.m; path = ../MGlyphDetectorView.m; sourceTree = "<group>"; };
		FA87801D19D29D3800BFA081 /* CDataScanner.h */ = {isa = PBXFileReference; fileEncoding = 4; lastKnownFileType = sourcecode.c.h; path = CDataScanner.h; sourceTree = "<group>"; };
		FA87801E19D29D3800BFA081 /* CDataScanner.m */ = {isa = PBXFileReference; fileEncoding = 4; lastKnownFileType = sourcecode.c.objc; path = CDataScanner.m; sourceTree = "<group>"; };
		FA87802019D29D3800BFA081 /* CFilteringJSONSerializer.h */ = {isa = PBXFileReference; fileEncoding = 4; lastKnownFileType = sourcecode.c.h; path = CFilteringJSONSerializer.h; sourceTree = "<group>"; };
		FA87802119D29D3800BFA081 /* CFilteringJSONSerializer.m */ = {isa = PBXFileReference; fileEncoding = 4; lastKnownFileType = sourcecode.c.objc; path = CFilteringJSONSerializer.m; sourceTree = "<group>"; };
		FA87802219D29D3800BFA081 /* CJSONDeserializer_BlocksExtensions.h */ = {isa = PBXFileReference; fileEncoding = 4; lastKnownFileType = sourcecode.c.h; path = CJSONDeserializer_BlocksExtensions.h; sourceTree = "<group>"; };
		FA87802319D29D3800BFA081 /* CJSONDeserializer_BlocksExtensions.m */ = {isa = PBXFileReference; fileEncoding = 4; lastKnownFileType = sourcecode.c.objc; path = CJSONDeserializer_BlocksExtensions.m; sourceTree = "<group>"; };
		FA87802419D29D3800BFA081 /* CJSONSerialization.h */ = {isa = PBXFileReference; fileEncoding = 4; lastKnownFileType = sourcecode.c.h; path = CJSONSerialization.h; sourceTree = "<group>"; };
		FA87802519D29D3800BFA081 /* CJSONSerialization.m */ = {isa = PBXFileReference; fileEncoding = 4; lastKnownFileType = sourcecode.c.objc; path = CJSONSerialization.m; sourceTree = "<group>"; };
		FA87802619D29D3800BFA081 /* CJSONSerializedData.h */ = {isa = PBXFileReference; fileEncoding = 4; lastKnownFileType = sourcecode.c.h; path = CJSONSerializedData.h; sourceTree = "<group>"; };
		FA87802719D29D3800BFA081 /* CJSONSerializedData.m */ = {isa = PBXFileReference; fileEncoding = 4; lastKnownFileType = sourcecode.c.objc; path = CJSONSerializedData.m; sourceTree = "<group>"; };
		FA87802919D29D3800BFA081 /* CDataScanner_Extensions.h */ = {isa = PBXFileReference; fileEncoding = 4; lastKnownFileType = sourcecode.c.h; path = CDataScanner_Extensions.h; sourceTree = "<group>"; };
		FA87802A19D29D3800BFA081 /* CDataScanner_Extensions.m */ = {isa = PBXFileReference; fileEncoding = 4; lastKnownFileType = sourcecode.c.objc; path = CDataScanner_Extensions.m; sourceTree = "<group>"; };
		FA87802B19D29D3800BFA081 /* NSDictionary_JSONExtensions.h */ = {isa = PBXFileReference; fileEncoding = 4; lastKnownFileType = sourcecode.c.h; path = NSDictionary_JSONExtensions.h; sourceTree = "<group>"; };
		FA87802C19D29D3800BFA081 /* NSDictionary_JSONExtensions.m */ = {isa = PBXFileReference; fileEncoding = 4; lastKnownFileType = sourcecode.c.objc; path = NSDictionary_JSONExtensions.m; sourceTree = "<group>"; };
		FA87802E19D29D3800BFA081 /* CJSONDeserializer.h */ = {isa = PBXFileReference; fileEncoding = 4; lastKnownFileType = sourcecode.c.h; path = CJSONDeserializer.h; sourceTree = "<group>"; };
		FA87802F19D29D3800BFA081 /* CJSONDeserializer.m */ = {isa = PBXFileReference; fileEncoding = 4; lastKnownFileType = sourcecode.c.objc; path = CJSONDeserializer.m; sourceTree = "<group>"; };
		FA87803019D29D3800BFA081 /* CJSONScanner.h */ = {isa = PBXFileReference; fileEncoding = 4; lastKnownFileType = sourcecode.c.h; path = CJSONScanner.h; sourceTree = "<group>"; };
		FA87803119D29D3800BFA081 /* CJSONScanner.m */ = {isa = PBXFileReference; fileEncoding = 4; lastKnownFileType = sourcecode.c.objc; path = CJSONScanner.m; sourceTree = "<group>"; };
		FA87803219D29D3800BFA081 /* CJSONSerializer.h */ = {isa = PBXFileReference; fileEncoding = 4; lastKnownFileType = sourcecode.c.h; path = CJSONSerializer.h; sourceTree = "<group>"; };
		FA87803319D29D3800BFA081 /* CJSONSerializer.m */ = {isa = PBXFileReference; fileEncoding = 4; lastKnownFileType = sourcecode.c.objc; path = CJSONSerializer.m; sourceTree = "<group>"; };
		FA87803419D29D3800BFA081 /* JSONRepresentation.h */ = {isa = PBXFileReference; fileEncoding = 4; lastKnownFileType = sourcecode.c.h; path = JSONRepresentation.h; sourceTree = "<group>"; };
		FA87803519D29D3800BFA081 /* ndollar.js */ = {isa = PBXFileReference; fileEncoding = 4; lastKnownFileType = sourcecode.javascript; path = ndollar.js; sourceTree = "<group>"; };
		FA87803619D29D3800BFA081 /* protractor-chi2010.pdf */ = {isa = PBXFileReference; lastKnownFileType = image.pdf; path = "protractor-chi2010.pdf"; sourceTree = "<group>"; };
		FA87803719D29D3800BFA081 /* WTMDetectionResult.h */ = {isa = PBXFileReference; fileEncoding = 4; lastKnownFileType = sourcecode.c.h; path = WTMDetectionResult.h; sourceTree = "<group>"; };
		FA87803819D29D3800BFA081 /* WTMDetectionResult.m */ = {isa = PBXFileReference; fileEncoding = 4; lastKnownFileType = sourcecode.c.objc; path = WTMDetectionResult.m; sourceTree = "<group>"; };
		FA87803919D29D3800BFA081 /* WTMGlyph-Prefix.pch */ = {isa = PBXFileReference; fileEncoding = 4; lastKnownFileType = sourcecode.c.h; path = "WTMGlyph-Prefix.pch"; sourceTree = "<group>"; };
		FA87803A19D29D3800BFA081 /* WTMGlyph.h */ = {isa = PBXFileReference; fileEncoding = 4; lastKnownFileType = sourcecode.c.h; path = WTMGlyph.h; sourceTree = "<group>"; };
		FA87803B19D29D3800BFA081 /* WTMGlyph.m */ = {isa = PBXFileReference; fileEncoding = 4; lastKnownFileType = sourcecode.c.objc; path = WTMGlyph.m; sourceTree = "<group>"; };
		FA87803C19D29D3800BFA081 /* WTMGlyphDefaults.h */ = {isa = PBXFileReference; fileEncoding = 4; lastKnownFileType = sourcecode.c.h; path = WTMGlyphDefaults.h; sourceTree = "<group>"; };
		FA87803D19D29D3800BFA081 /* WTMGlyphDefaults.m */ = {isa = PBXFileReference; fileEncoding = 4; lastKnownFileType = sourcecode.c.objc; path = WTMGlyphDefaults.m; sourceTree = "<group>"; };
		FA87803E19D29D3800BFA081 /* WTMGlyphDelegate.h */ = {isa = PBXFileReference; fileEncoding = 4; lastKnownFileType = sourcecode.c.h; path = WTMGlyphDelegate.h; sourceTree = "<group>"; };
		FA87803F19D29D3800BFA081 /* WTMGlyphDetector.h */ = {isa = PBXFileReference; fileEncoding = 4; lastKnownFileType = sourcecode.c.h; path = WTMGlyphDetector.h; sourceTree = "<group>"; };
		FA87804019D29D3800BFA081 /* WTMGlyphDetector.m */ = {isa = PBXFileReference; fileEncoding = 4; lastKnownFileType = sourcecode.c.objc; path = WTMGlyphDetector.m; sourceTree = "<group>"; };
		FA87804119D29D3800BFA081 /* WTMGlyphStroke.h */ = {isa = PBXFileReference; fileEncoding = 4; lastKnownFileType = sourcecode.c.h; path = WTMGlyphStroke.h; sourceTree = "<group>"; };
		FA87804219D29D3800BFA081 /* WTMGlyphStroke.m */ = {isa = PBXFileReference; fileEncoding = 4; lastKnownFileType = sourcecode.c.objc; path = WTMGlyphStroke.m; sourceTree = "<group>"; };
		FA87804319D29D3800BFA081 /* WTMGlyphTemplate.h */ = {isa = PBXFileReference; fileEncoding = 4; lastKnownFileType = sourcecode.c.h; path = WTMGlyphTemplate.h; sourceTree = "<group>"; };
		FA87804419D29D3800BFA081 /* WTMGlyphTemplate.m */ = {isa = PBXFileReference; fileEncoding = 4; lastKnownFileType = sourcecode.c.objc; path = WTMGlyphTemplate.m; sourceTree = "<group>"; };
		FA87804519D29D3800BFA081 /* WTMGlyphUtilities.h */ = {isa = PBXFileReference; fileEncoding = 4; lastKnownFileType = sourcecode.c.h; path = WTMGlyphUtilities.h; sourceTree = "<group>"; };
		FA87804619D29D3800BFA081 /* WTMGlyphUtilities.m */ = {isa = PBXFileReference; fileEncoding = 4; lastKnownFileType = sourcecode.c.objc; path = WTMGlyphUtilities.m; sourceTree = "<group>"; };
		FA87806B19D29D5300BFA081 /* P.json */ = {isa = PBXFileReference; fileEncoding = 4; lastKnownFileType = text.json; path = P.json; sourceTree = "<group>"; };
		FA87806D19D29D5300BFA081 /* R.json */ = {isa = PBXFileReference; fileEncoding = 4; lastKnownFileType = text.json; path = R.json; sourceTree = "<group>"; };
		FA87806E19D29D5300BFA081 /* S.json */ = {isa = PBXFileReference; fileEncoding = 4; lastKnownFileType = text.json; path = S.json; sourceTree = "<group>"; };
		FF4BF69D1985408F88A877A8 /* libPods-PaperScissorsRock.a */ = {isa = PBXFileReference; explicitFileType = archive.ar; includeInIndex = 0; path = "libPods-PaperScissorsRock.a"; sourceTree = BUILT_PRODUCTS_DIR; };
/* End PBXFileReference section */

/* Begin PBXFrameworksBuildPhase section */
		CE046FF119CA36DD00AE0B9E /* Frameworks */ = {
			isa = PBXFrameworksBuildPhase;
			buildActionMask = 2147483647;
			files = (
				CE04703F19CA383600AE0B9E /* CoreMotion.framework in Frameworks */,
				CE04703D19CA383200AE0B9E /* OpenGLES.framework in Frameworks */,
				CE04703B19CA382E00AE0B9E /* AudioToolbox.framework in Frameworks */,
				CE04703919CA382900AE0B9E /* CoreLocation.framework in Frameworks */,
				CE04703719CA382400AE0B9E /* CoreTelephony.framework in Frameworks */,
				CE04703519CA381F00AE0B9E /* SystemConfiguration.framework in Frameworks */,
				CE04703319CA381700AE0B9E /* CoreImage.framework in Frameworks */,
				CE04703119CA381200AE0B9E /* QuartzCore.framework in Frameworks */,
				CE04702F19CA380E00AE0B9E /* AdSupport.framework in Frameworks */,
				CE046FFA19CA36DD00AE0B9E /* CoreGraphics.framework in Frameworks */,
				CE046FFC19CA36DD00AE0B9E /* UIKit.framework in Frameworks */,
				CE04702D19CA37EB00AE0B9E /* UbertestersSDK.framework in Frameworks */,
				CE046FF819CA36DD00AE0B9E /* Foundation.framework in Frameworks */,
				EE1EB97D141545508D606293 /* libPods-PaperScissorsRock.a in Frameworks */,
			);
			runOnlyForDeploymentPostprocessing = 0;
		};
		CE04701219CA36DD00AE0B9E /* Frameworks */ = {
			isa = PBXFrameworksBuildPhase;
			buildActionMask = 2147483647;
			files = (
				DD8219D819CE355B004E96BE /* CoreGraphics.framework in Frameworks */,
				CE04701719CA36DD00AE0B9E /* XCTest.framework in Frameworks */,
				DD8219D519CE355B004E96BE /* AdSupport.framework in Frameworks */,
				DD8219D619CE355B004E96BE /* UbertestersSDK.framework in Frameworks */,
				DD8219D219CE355B004E96BE /* SystemConfiguration.framework in Frameworks */,
				DD8219D919CE355B004E96BE /* UIKit.framework in Frameworks */,
				DD8219D019CE355B004E96BE /* CoreLocation.framework in Frameworks */,
				DD8219D319CE355B004E96BE /* CoreImage.framework in Frameworks */,
				DD8219CD19CE355B004E96BE /* CoreMotion.framework in Frameworks */,
				DD8219D719CE355B004E96BE /* Foundation.framework in Frameworks */,
				DD8219CE19CE355B004E96BE /* OpenGLES.framework in Frameworks */,
				DD8219D119CE355B004E96BE /* CoreTelephony.framework in Frameworks */,
				DD8219CF19CE355B004E96BE /* AudioToolbox.framework in Frameworks */,
				DD8219D419CE355B004E96BE /* QuartzCore.framework in Frameworks */,
			);
			runOnlyForDeploymentPostprocessing = 0;
		};
/* End PBXFrameworksBuildPhase section */

/* Begin PBXGroup section */
		CE046FEB19CA36DD00AE0B9E = {
			isa = PBXGroup;
			children = (
				FA87805A19D29D5300BFA081 /* gestures */,
				FA87801C19D29D3800BFA081 /* WTMGlyph */,
				CE046FFD19CA36DD00AE0B9E /* PaperScissorsRock */,
				CE04701C19CA36DD00AE0B9E /* PaperScissorsRockTests */,
				CE046FF619CA36DD00AE0B9E /* Frameworks */,
				CE046FF519CA36DD00AE0B9E /* Products */,
				BC33806F4CDB47579E20341E /* Pods-PaperScissorsRock.xcconfig */,
			);
			sourceTree = "<group>";
		};
		CE046FF519CA36DD00AE0B9E /* Products */ = {
			isa = PBXGroup;
			children = (
				CE046FF419CA36DD00AE0B9E /* PaperScissorsRock.app */,
				CE04701519CA36DD00AE0B9E /* PaperScissorsRockTests.xctest */,
			);
			name = Products;
			sourceTree = "<group>";
		};
		CE046FF619CA36DD00AE0B9E /* Frameworks */ = {
			isa = PBXGroup;
			children = (
				CE04703E19CA383600AE0B9E /* CoreMotion.framework */,
				CE04703C19CA383200AE0B9E /* OpenGLES.framework */,
				CE04703A19CA382E00AE0B9E /* AudioToolbox.framework */,
				CE04703819CA382900AE0B9E /* CoreLocation.framework */,
				CE04703619CA382400AE0B9E /* CoreTelephony.framework */,
				CE04703419CA381F00AE0B9E /* SystemConfiguration.framework */,
				CE04703219CA381700AE0B9E /* CoreImage.framework */,
				CE04703019CA381200AE0B9E /* QuartzCore.framework */,
				CE04702E19CA380E00AE0B9E /* AdSupport.framework */,
				CE04702C19CA37EB00AE0B9E /* UbertestersSDK.framework */,
				CE046FF719CA36DD00AE0B9E /* Foundation.framework */,
				CE046FF919CA36DD00AE0B9E /* CoreGraphics.framework */,
				CE046FFB19CA36DD00AE0B9E /* UIKit.framework */,
				CE04701619CA36DD00AE0B9E /* XCTest.framework */,
				FF4BF69D1985408F88A877A8 /* libPods-PaperScissorsRock.a */,
			);
			name = Frameworks;
			sourceTree = "<group>";
		};
		CE046FFD19CA36DD00AE0B9E /* PaperScissorsRock */ = {
			isa = PBXGroup;
			children = (
				CE04704019CA562E00AE0B9E /* Mesh Networking */,
				FA87801919D29D0A00BFA081 /* MGlyphDetectorView.h */,
				FA87801A19D29D0A00BFA081 /* MGlyphDetectorView.m */,
				CE04700619CA36DD00AE0B9E /* PSRAppDelegate.h */,
				CE04700719CA36DD00AE0B9E /* PSRAppDelegate.m */,
				CE04700919CA36DD00AE0B9E /* Main.storyboard */,
				CE04704E19CA857C00AE0B9E /* PSRGame.h */,
				CE04704F19CA857C00AE0B9E /* PSRGame.m */,
				CE04704B19CA850700AE0B9E /* PSRGameViewController.h */,
				CE04704C19CA850700AE0B9E /* PSRGameViewController.m */,
				CE04704819CA812A00AE0B9E /* PSRLandingViewController.h */,
				CE04704919CA812A00AE0B9E /* PSRLandingViewController.m */,
				CE04704719CA7FE600AE0B9E /* phase 2 sources */,
				CE04700F19CA36DD00AE0B9E /* Images.xcassets */,
				CE046FFE19CA36DD00AE0B9E /* Supporting Files */,
				DD8219BC19CE31B0004E96BE /* PSRUser.h */,
				DD8219BD19CE31B0004E96BE /* PSRUser.m */,
				DD8219BF19CE32E1004E96BE /* PSRConstants.h */,
				DD8219C019CE32E1004E96BE /* PSRConstants.m */,
			);
			path = PaperScissorsRock;
			sourceTree = "<group>";
		};
		CE046FFE19CA36DD00AE0B9E /* Supporting Files */ = {
			isa = PBXGroup;
			children = (
				5208C45219D283F5002413C5 /* PAPER.png */,
				5208C45319D283F5002413C5 /* ROCK.png */,
				5208C45419D283F5002413C5 /* SCISSORS.png */,
				CE046FFF19CA36DD00AE0B9E /* PaperScissorsRock-Info.plist */,
				CE04700019CA36DD00AE0B9E /* InfoPlist.strings */,
				CE04700319CA36DD00AE0B9E /* main.m */,
				CE04700519CA36DD00AE0B9E /* PaperScissorsRock-Prefix.pch */,
			);
			name = "Supporting Files";
			sourceTree = "<group>";
		};
		CE04701C19CA36DD00AE0B9E /* PaperScissorsRockTests */ = {
			isa = PBXGroup;
			children = (
				CE04702219CA36DD00AE0B9E /* PaperScissorsRockTests.m */,
				CE04701D19CA36DD00AE0B9E /* Supporting Files */,
			);
			path = PaperScissorsRockTests;
			sourceTree = "<group>";
		};
		CE04701D19CA36DD00AE0B9E /* Supporting Files */ = {
			isa = PBXGroup;
			children = (
				CE04701E19CA36DD00AE0B9E /* PaperScissorsRockTests-Info.plist */,
				CE04701F19CA36DD00AE0B9E /* InfoPlist.strings */,
			);
			name = "Supporting Files";
			sourceTree = "<group>";
		};
		CE04704019CA562E00AE0B9E /* Mesh Networking */ = {
			isa = PBXGroup;
			children = (
				CE04704119CA563F00AE0B9E /* MCManager.h */,
				CE04704219CA563F00AE0B9E /* MCManager.m */,
			);
			name = "Mesh Networking";
			sourceTree = "<group>";
		};
		CE04704719CA7FE600AE0B9E /* phase 2 sources */ = {
			isa = PBXGroup;
			children = (
				CE04700C19CA36DD00AE0B9E /* PSRViewController.h */,
				CE04700D19CA36DD00AE0B9E /* PSRViewController.m */,
				CE04704419CA57F300AE0B9E /* ConnectionsViewController.h */,
				CE04704519CA57F300AE0B9E /* ConnectionsViewController.m */,
			);
			name = "phase 2 sources";
			sourceTree = "<group>";
		};
		FA87801C19D29D3800BFA081 /* WTMGlyph */ = {
			isa = PBXGroup;
			children = (
				FA87801D19D29D3800BFA081 /* CDataScanner.h */,
				FA87801E19D29D3800BFA081 /* CDataScanner.m */,
				FA87801F19D29D3800BFA081 /* Experimental */,
				FA87802819D29D3800BFA081 /* Extensions */,
				FA87802D19D29D3800BFA081 /* JSON */,
				FA87803519D29D3800BFA081 /* ndollar.js */,
				FA87803619D29D3800BFA081 /* protractor-chi2010.pdf */,
				FA87803719D29D3800BFA081 /* WTMDetectionResult.h */,
				FA87803819D29D3800BFA081 /* WTMDetectionResult.m */,
				FA87803919D29D3800BFA081 /* WTMGlyph-Prefix.pch */,
				FA87803A19D29D3800BFA081 /* WTMGlyph.h */,
				FA87803B19D29D3800BFA081 /* WTMGlyph.m */,
				FA87803C19D29D3800BFA081 /* WTMGlyphDefaults.h */,
				FA87803D19D29D3800BFA081 /* WTMGlyphDefaults.m */,
				FA87803E19D29D3800BFA081 /* WTMGlyphDelegate.h */,
				FA87803F19D29D3800BFA081 /* WTMGlyphDetector.h */,
				FA87804019D29D3800BFA081 /* WTMGlyphDetector.m */,
				FA87804119D29D3800BFA081 /* WTMGlyphStroke.h */,
				FA87804219D29D3800BFA081 /* WTMGlyphStroke.m */,
				FA87804319D29D3800BFA081 /* WTMGlyphTemplate.h */,
				FA87804419D29D3800BFA081 /* WTMGlyphTemplate.m */,
				FA87804519D29D3800BFA081 /* WTMGlyphUtilities.h */,
				FA87804619D29D3800BFA081 /* WTMGlyphUtilities.m */,
			);
			path = WTMGlyph;
			sourceTree = "<group>";
		};
		FA87801F19D29D3800BFA081 /* Experimental */ = {
			isa = PBXGroup;
			children = (
				FA87802019D29D3800BFA081 /* CFilteringJSONSerializer.h */,
				FA87802119D29D3800BFA081 /* CFilteringJSONSerializer.m */,
				FA87802219D29D3800BFA081 /* CJSONDeserializer_BlocksExtensions.h */,
				FA87802319D29D3800BFA081 /* CJSONDeserializer_BlocksExtensions.m */,
				FA87802419D29D3800BFA081 /* CJSONSerialization.h */,
				FA87802519D29D3800BFA081 /* CJSONSerialization.m */,
				FA87802619D29D3800BFA081 /* CJSONSerializedData.h */,
				FA87802719D29D3800BFA081 /* CJSONSerializedData.m */,
			);
			path = Experimental;
			sourceTree = "<group>";
		};
		FA87802819D29D3800BFA081 /* Extensions */ = {
			isa = PBXGroup;
			children = (
				FA87802919D29D3800BFA081 /* CDataScanner_Extensions.h */,
				FA87802A19D29D3800BFA081 /* CDataScanner_Extensions.m */,
				FA87802B19D29D3800BFA081 /* NSDictionary_JSONExtensions.h */,
				FA87802C19D29D3800BFA081 /* NSDictionary_JSONExtensions.m */,
			);
			path = Extensions;
			sourceTree = "<group>";
		};
		FA87802D19D29D3800BFA081 /* JSON */ = {
			isa = PBXGroup;
			children = (
				FA87802E19D29D3800BFA081 /* CJSONDeserializer.h */,
				FA87802F19D29D3800BFA081 /* CJSONDeserializer.m */,
				FA87803019D29D3800BFA081 /* CJSONScanner.h */,
				FA87803119D29D3800BFA081 /* CJSONScanner.m */,
				FA87803219D29D3800BFA081 /* CJSONSerializer.h */,
				FA87803319D29D3800BFA081 /* CJSONSerializer.m */,
				FA87803419D29D3800BFA081 /* JSONRepresentation.h */,
			);
			path = JSON;
			sourceTree = "<group>";
		};
		FA87805A19D29D5300BFA081 /* gestures */ = {
			isa = PBXGroup;
			children = (
				FA87806B19D29D5300BFA081 /* P.json */,
				FA87806D19D29D5300BFA081 /* R.json */,
				FA87806E19D29D5300BFA081 /* S.json */,
			);
			path = gestures;
			sourceTree = "<group>";
		};
/* End PBXGroup section */

/* Begin PBXNativeTarget section */
		CE046FF319CA36DD00AE0B9E /* PaperScissorsRock */ = {
			isa = PBXNativeTarget;
			buildConfigurationList = CE04702619CA36DD00AE0B9E /* Build configuration list for PBXNativeTarget "PaperScissorsRock" */;
			buildPhases = (
				522294781E0B4FDCBF91A9C6 /* Check Pods Manifest.lock */,
				CE046FF019CA36DD00AE0B9E /* Sources */,
				CE046FF119CA36DD00AE0B9E /* Frameworks */,
				CE046FF219CA36DD00AE0B9E /* Resources */,
				D858B9B6B20942E69185FCEC /* Copy Pods Resources */,
			);
			buildRules = (
			);
			dependencies = (
			);
			name = PaperScissorsRock;
			productName = PaperScissorsRock;
			productReference = CE046FF419CA36DD00AE0B9E /* PaperScissorsRock.app */;
			productType = "com.apple.product-type.application";
		};
		CE04701419CA36DD00AE0B9E /* PaperScissorsRockTests */ = {
			isa = PBXNativeTarget;
			buildConfigurationList = CE04702919CA36DD00AE0B9E /* Build configuration list for PBXNativeTarget "PaperScissorsRockTests" */;
			buildPhases = (
				CE04701119CA36DD00AE0B9E /* Sources */,
				CE04701219CA36DD00AE0B9E /* Frameworks */,
				CE04701319CA36DD00AE0B9E /* Resources */,
			);
			buildRules = (
			);
			dependencies = (
				CE04701B19CA36DD00AE0B9E /* PBXTargetDependency */,
			);
			name = PaperScissorsRockTests;
			productName = PaperScissorsRockTests;
			productReference = CE04701519CA36DD00AE0B9E /* PaperScissorsRockTests.xctest */;
			productType = "com.apple.product-type.bundle.unit-test";
		};
/* End PBXNativeTarget section */

/* Begin PBXProject section */
		CE046FEC19CA36DD00AE0B9E /* Project object */ = {
			isa = PBXProject;
			attributes = {
				CLASSPREFIX = PSR;
				LastUpgradeCheck = 0510;
				ORGANIZATIONNAME = "Team Roflcopter";
				TargetAttributes = {
					CE04701419CA36DD00AE0B9E = {
						TestTargetID = CE046FF319CA36DD00AE0B9E;
					};
				};
			};
			buildConfigurationList = CE046FEF19CA36DD00AE0B9E /* Build configuration list for PBXProject "PaperScissorsRock" */;
			compatibilityVersion = "Xcode 3.2";
			developmentRegion = English;
			hasScannedForEncodings = 0;
			knownRegions = (
				en,
				Base,
			);
			mainGroup = CE046FEB19CA36DD00AE0B9E;
			productRefGroup = CE046FF519CA36DD00AE0B9E /* Products */;
			projectDirPath = "";
			projectRoot = "";
			targets = (
				CE046FF319CA36DD00AE0B9E /* PaperScissorsRock */,
				CE04701419CA36DD00AE0B9E /* PaperScissorsRockTests */,
			);
		};
/* End PBXProject section */

/* Begin PBXResourcesBuildPhase section */
		CE046FF219CA36DD00AE0B9E /* Resources */ = {
			isa = PBXResourcesBuildPhase;
			buildActionMask = 2147483647;
			files = (
				FA87808A19D29D5300BFA081 /* R.json in Resources */,
				5208C45519D283F5002413C5 /* PAPER.png in Resources */,
				FA87805219D29D3800BFA081 /* protractor-chi2010.pdf in Resources */,
				CE04701019CA36DD00AE0B9E /* Images.xcassets in Resources */,
				FA87808B19D29D5300BFA081 /* S.json in Resources */,
				FA87808819D29D5300BFA081 /* P.json in Resources */,
				5208C45619D283F5002413C5 /* ROCK.png in Resources */,
				CE04700219CA36DD00AE0B9E /* InfoPlist.strings in Resources */,
				5208C45719D283F5002413C5 /* SCISSORS.png in Resources */,
				CE04700B19CA36DD00AE0B9E /* Main.storyboard in Resources */,
			);
			runOnlyForDeploymentPostprocessing = 0;
		};
		CE04701319CA36DD00AE0B9E /* Resources */ = {
			isa = PBXResourcesBuildPhase;
			buildActionMask = 2147483647;
			files = (
				CE04702119CA36DD00AE0B9E /* InfoPlist.strings in Resources */,
			);
			runOnlyForDeploymentPostprocessing = 0;
		};
/* End PBXResourcesBuildPhase section */

/* Begin PBXShellScriptBuildPhase section */
		522294781E0B4FDCBF91A9C6 /* Check Pods Manifest.lock */ = {
			isa = PBXShellScriptBuildPhase;
			buildActionMask = 2147483647;
			files = (
			);
			inputPaths = (
			);
			name = "Check Pods Manifest.lock";
			outputPaths = (
			);
			runOnlyForDeploymentPostprocessing = 0;
			shellPath = /bin/sh;
			shellScript = "diff \"${PODS_ROOT}/../Podfile.lock\" \"${PODS_ROOT}/Manifest.lock\" > /dev/null\nif [[ $? != 0 ]] ; then\n    cat << EOM\nerror: The sandbox is not in sync with the Podfile.lock. Run 'pod install' or update your CocoaPods installation.\nEOM\n    exit 1\nfi\n";
			showEnvVarsInLog = 0;
		};
		D858B9B6B20942E69185FCEC /* Copy Pods Resources */ = {
			isa = PBXShellScriptBuildPhase;
			buildActionMask = 2147483647;
			files = (
			);
			inputPaths = (
			);
			name = "Copy Pods Resources";
			outputPaths = (
			);
			runOnlyForDeploymentPostprocessing = 0;
			shellPath = /bin/sh;
			shellScript = "\"${SRCROOT}/Pods/Pods-PaperScissorsRock-resources.sh\"\n";
			showEnvVarsInLog = 0;
		};
/* End PBXShellScriptBuildPhase section */

/* Begin PBXSourcesBuildPhase section */
		CE046FF019CA36DD00AE0B9E /* Sources */ = {
			isa = PBXSourcesBuildPhase;
			buildActionMask = 2147483647;
			files = (
				FA87805519D29D3800BFA081 /* WTMGlyphDefaults.m in Sources */,
				CE04704A19CA812A00AE0B9E /* PSRLandingViewController.m in Sources */,
				FA87805119D29D3800BFA081 /* ndollar.js in Sources */,
				DD8219BE19CE31B0004E96BE /* PSRUser.m in Sources */,
				FA87804C19D29D3800BFA081 /* CDataScanner_Extensions.m in Sources */,
				CE04704D19CA850700AE0B9E /* PSRGameViewController.m in Sources */,
				FA87805719D29D3800BFA081 /* WTMGlyphStroke.m in Sources */,
				FA87804F19D29D3800BFA081 /* CJSONScanner.m in Sources */,
				FA87804B19D29D3800BFA081 /* CJSONSerializedData.m in Sources */,
				FA87801B19D29D0A00BFA081 /* MGlyphDetectorView.m in Sources */,
				FA87805619D29D3800BFA081 /* WTMGlyphDetector.m in Sources */,
				FA87804819D29D3800BFA081 /* CFilteringJSONSerializer.m in Sources */,
				FA87805419D29D3800BFA081 /* WTMGlyph.m in Sources */,
				FA87805819D29D3800BFA081 /* WTMGlyphTemplate.m in Sources */,
				CE04704619CA57F300AE0B9E /* ConnectionsViewController.m in Sources */,
				CE04705019CA857C00AE0B9E /* PSRGame.m in Sources */,
				DD8219C119CE32E1004E96BE /* PSRConstants.m in Sources */,
				FA87804D19D29D3800BFA081 /* NSDictionary_JSONExtensions.m in Sources */,
				FA87805019D29D3800BFA081 /* CJSONSerializer.m in Sources */,
				CE04700E19CA36DD00AE0B9E /* PSRViewController.m in Sources */,
				FA87804A19D29D3800BFA081 /* CJSONSerialization.m in Sources */,
				FA87804719D29D3800BFA081 /* CDataScanner.m in Sources */,
				CE04704319CA563F00AE0B9E /* MCManager.m in Sources */,
				CE04700819CA36DD00AE0B9E /* PSRAppDelegate.m in Sources */,
				FA87804919D29D3800BFA081 /* CJSONDeserializer_BlocksExtensions.m in Sources */,
				FA87805319D29D3800BFA081 /* WTMDetectionResult.m in Sources */,
				FA87805919D29D3800BFA081 /* WTMGlyphUtilities.m in Sources */,
				CE04700419CA36DD00AE0B9E /* main.m in Sources */,
				FA87804E19D29D3800BFA081 /* CJSONDeserializer.m in Sources */,
			);
			runOnlyForDeploymentPostprocessing = 0;
		};
		CE04701119CA36DD00AE0B9E /* Sources */ = {
			isa = PBXSourcesBuildPhase;
			buildActionMask = 2147483647;
			files = (
				CE04702319CA36DD00AE0B9E /* PaperScissorsRockTests.m in Sources */,
			);
			runOnlyForDeploymentPostprocessing = 0;
		};
/* End PBXSourcesBuildPhase section */

/* Begin PBXTargetDependency section */
		CE04701B19CA36DD00AE0B9E /* PBXTargetDependency */ = {
			isa = PBXTargetDependency;
			target = CE046FF319CA36DD00AE0B9E /* PaperScissorsRock */;
			targetProxy = CE04701A19CA36DD00AE0B9E /* PBXContainerItemProxy */;
		};
/* End PBXTargetDependency section */

/* Begin PBXVariantGroup section */
		CE04700019CA36DD00AE0B9E /* InfoPlist.strings */ = {
			isa = PBXVariantGroup;
			children = (
				CE04700119CA36DD00AE0B9E /* en */,
			);
			name = InfoPlist.strings;
			sourceTree = "<group>";
		};
		CE04700919CA36DD00AE0B9E /* Main.storyboard */ = {
			isa = PBXVariantGroup;
			children = (
				CE04700A19CA36DD00AE0B9E /* Base */,
			);
			name = Main.storyboard;
			sourceTree = "<group>";
		};
		CE04701F19CA36DD00AE0B9E /* InfoPlist.strings */ = {
			isa = PBXVariantGroup;
			children = (
				CE04702019CA36DD00AE0B9E /* en */,
			);
			name = InfoPlist.strings;
			sourceTree = "<group>";
		};
/* End PBXVariantGroup section */

/* Begin XCBuildConfiguration section */
		CE04702419CA36DD00AE0B9E /* Debug */ = {
			isa = XCBuildConfiguration;
			buildSettings = {
				ALWAYS_SEARCH_USER_PATHS = NO;
				CLANG_CXX_LANGUAGE_STANDARD = "gnu++0x";
				CLANG_CXX_LIBRARY = "libc++";
				CLANG_ENABLE_MODULES = YES;
				CLANG_ENABLE_OBJC_ARC = YES;
				CLANG_WARN_BOOL_CONVERSION = YES;
				CLANG_WARN_CONSTANT_CONVERSION = YES;
				CLANG_WARN_DIRECT_OBJC_ISA_USAGE = YES_ERROR;
				CLANG_WARN_EMPTY_BODY = YES;
				CLANG_WARN_ENUM_CONVERSION = YES;
				CLANG_WARN_INT_CONVERSION = YES;
				CLANG_WARN_OBJC_ROOT_CLASS = YES_ERROR;
				CLANG_WARN__DUPLICATE_METHOD_MATCH = YES;
				"CODE_SIGN_IDENTITY[sdk=iphoneos*]" = "iPhone Developer";
				COPY_PHASE_STRIP = NO;
				GCC_C_LANGUAGE_STANDARD = gnu99;
				GCC_DYNAMIC_NO_PIC = NO;
				GCC_OPTIMIZATION_LEVEL = 0;
				GCC_PREPROCESSOR_DEFINITIONS = (
					"DEBUG=1",
					"$(inherited)",
				);
				GCC_SYMBOLS_PRIVATE_EXTERN = NO;
				GCC_WARN_64_TO_32_BIT_CONVERSION = YES;
				GCC_WARN_ABOUT_RETURN_TYPE = YES_ERROR;
				GCC_WARN_UNDECLARED_SELECTOR = YES;
				GCC_WARN_UNINITIALIZED_AUTOS = YES_AGGRESSIVE;
				GCC_WARN_UNUSED_FUNCTION = YES;
				GCC_WARN_UNUSED_VARIABLE = YES;
				IPHONEOS_DEPLOYMENT_TARGET = 7.1;
				ONLY_ACTIVE_ARCH = YES;
				SDKROOT = iphoneos;
			};
			name = Debug;
		};
		CE04702519CA36DD00AE0B9E /* Release */ = {
			isa = XCBuildConfiguration;
			buildSettings = {
				ALWAYS_SEARCH_USER_PATHS = NO;
				CLANG_CXX_LANGUAGE_STANDARD = "gnu++0x";
				CLANG_CXX_LIBRARY = "libc++";
				CLANG_ENABLE_MODULES = YES;
				CLANG_ENABLE_OBJC_ARC = YES;
				CLANG_WARN_BOOL_CONVERSION = YES;
				CLANG_WARN_CONSTANT_CONVERSION = YES;
				CLANG_WARN_DIRECT_OBJC_ISA_USAGE = YES_ERROR;
				CLANG_WARN_EMPTY_BODY = YES;
				CLANG_WARN_ENUM_CONVERSION = YES;
				CLANG_WARN_INT_CONVERSION = YES;
				CLANG_WARN_OBJC_ROOT_CLASS = YES_ERROR;
				CLANG_WARN__DUPLICATE_METHOD_MATCH = YES;
				"CODE_SIGN_IDENTITY[sdk=iphoneos*]" = "iPhone Developer";
				COPY_PHASE_STRIP = YES;
				ENABLE_NS_ASSERTIONS = NO;
				GCC_C_LANGUAGE_STANDARD = gnu99;
				GCC_WARN_64_TO_32_BIT_CONVERSION = YES;
				GCC_WARN_ABOUT_RETURN_TYPE = YES_ERROR;
				GCC_WARN_UNDECLARED_SELECTOR = YES;
				GCC_WARN_UNINITIALIZED_AUTOS = YES_AGGRESSIVE;
				GCC_WARN_UNUSED_FUNCTION = YES;
				GCC_WARN_UNUSED_VARIABLE = YES;
				IPHONEOS_DEPLOYMENT_TARGET = 7.1;
				SDKROOT = iphoneos;
				VALIDATE_PRODUCT = YES;
			};
			name = Release;
		};
		CE04702719CA36DD00AE0B9E /* Debug */ = {
			isa = XCBuildConfiguration;
			baseConfigurationReference = BC33806F4CDB47579E20341E /* Pods-PaperScissorsRock.xcconfig */;
			buildSettings = {
				ASSETCATALOG_COMPILER_APPICON_NAME = AppIcon;
				ASSETCATALOG_COMPILER_LAUNCHIMAGE_NAME = LaunchImage;
				CODE_SIGN_IDENTITY = "iPhone Developer";
				"CODE_SIGN_IDENTITY[sdk=iphoneos*]" = "iPhone Developer";
				FRAMEWORK_SEARCH_PATHS = (
					"$(inherited)",
					"$(PROJECT_DIR)/PaperScissorsRock",
				);
				GCC_PRECOMPILE_PREFIX_HEADER = YES;
				GCC_PREFIX_HEADER = "PaperScissorsRock/PaperScissorsRock-Prefix.pch";
				INFOPLIST_FILE = "PaperScissorsRock/PaperScissorsRock-Info.plist";
				PRODUCT_NAME = "$(TARGET_NAME)";
				PROVISIONING_PROFILE = "";
				WRAPPER_EXTENSION = app;
			};
			name = Debug;
		};
		CE04702819CA36DD00AE0B9E /* Release */ = {
			isa = XCBuildConfiguration;
			baseConfigurationReference = BC33806F4CDB47579E20341E /* Pods-PaperScissorsRock.xcconfig */;
			buildSettings = {
				ASSETCATALOG_COMPILER_APPICON_NAME = AppIcon;
				ASSETCATALOG_COMPILER_LAUNCHIMAGE_NAME = LaunchImage;
				CODE_SIGN_IDENTITY = "iPhone Developer";
				"CODE_SIGN_IDENTITY[sdk=iphoneos*]" = "iPhone Developer";
				FRAMEWORK_SEARCH_PATHS = (
					"$(inherited)",
					"$(PROJECT_DIR)/PaperScissorsRock",
				);
				GCC_PRECOMPILE_PREFIX_HEADER = YES;
				GCC_PREFIX_HEADER = "PaperScissorsRock/PaperScissorsRock-Prefix.pch";
				INFOPLIST_FILE = "PaperScissorsRock/PaperScissorsRock-Info.plist";
				PRODUCT_NAME = "$(TARGET_NAME)";
				PROVISIONING_PROFILE = "";
				WRAPPER_EXTENSION = app;
			};
			name = Release;
		};
		CE04702A19CA36DD00AE0B9E /* Debug */ = {
			isa = XCBuildConfiguration;
			buildSettings = {
				BUNDLE_LOADER = "$(BUILT_PRODUCTS_DIR)/PaperScissorsRock.app/PaperScissorsRock";
				FRAMEWORK_SEARCH_PATHS = (
					"$(SDKROOT)/Developer/Library/Frameworks",
					"$(inherited)",
					"$(DEVELOPER_FRAMEWORKS_DIR)",
					"$(PROJECT_DIR)/PaperScissorsRock",
				);
				GCC_PRECOMPILE_PREFIX_HEADER = YES;
				GCC_PREFIX_HEADER = "PaperScissorsRock/PaperScissorsRock-Prefix.pch";
				GCC_PREPROCESSOR_DEFINITIONS = (
					"DEBUG=1",
					"$(inherited)",
				);
				INFOPLIST_FILE = "PaperScissorsRockTests/PaperScissorsRockTests-Info.plist";
				PRODUCT_NAME = "$(TARGET_NAME)";
				TEST_HOST = "$(BUNDLE_LOADER)";
				WRAPPER_EXTENSION = xctest;
			};
			name = Debug;
		};
		CE04702B19CA36DD00AE0B9E /* Release */ = {
			isa = XCBuildConfiguration;
			buildSettings = {
				BUNDLE_LOADER = "$(BUILT_PRODUCTS_DIR)/PaperScissorsRock.app/PaperScissorsRock";
				FRAMEWORK_SEARCH_PATHS = (
					"$(SDKROOT)/Developer/Library/Frameworks",
					"$(inherited)",
					"$(DEVELOPER_FRAMEWORKS_DIR)",
					"$(PROJECT_DIR)/PaperScissorsRock",
				);
				GCC_PRECOMPILE_PREFIX_HEADER = YES;
				GCC_PREFIX_HEADER = "PaperScissorsRock/PaperScissorsRock-Prefix.pch";
				INFOPLIST_FILE = "PaperScissorsRockTests/PaperScissorsRockTests-Info.plist";
				PRODUCT_NAME = "$(TARGET_NAME)";
				TEST_HOST = "$(BUNDLE_LOADER)";
				WRAPPER_EXTENSION = xctest;
			};
			name = Release;
		};
/* End XCBuildConfiguration section */

/* Begin XCConfigurationList section */
		CE046FEF19CA36DD00AE0B9E /* Build configuration list for PBXProject "PaperScissorsRock" */ = {
			isa = XCConfigurationList;
			buildConfigurations = (
				CE04702419CA36DD00AE0B9E /* Debug */,
				CE04702519CA36DD00AE0B9E /* Release */,
			);
			defaultConfigurationIsVisible = 0;
			defaultConfigurationName = Release;
		};
		CE04702619CA36DD00AE0B9E /* Build configuration list for PBXNativeTarget "PaperScissorsRock" */ = {
			isa = XCConfigurationList;
			buildConfigurations = (
				CE04702719CA36DD00AE0B9E /* Debug */,
				CE04702819CA36DD00AE0B9E /* Release */,
			);
			defaultConfigurationIsVisible = 0;
			defaultConfigurationName = Release;
		};
		CE04702919CA36DD00AE0B9E /* Build configuration list for PBXNativeTarget "PaperScissorsRockTests" */ = {
			isa = XCConfigurationList;
			buildConfigurations = (
				CE04702A19CA36DD00AE0B9E /* Debug */,
				CE04702B19CA36DD00AE0B9E /* Release */,
			);
			defaultConfigurationIsVisible = 0;
			defaultConfigurationName = Release;
		};
/* End XCConfigurationList section */
	};
	rootObject = CE046FEC19CA36DD00AE0B9E /* Project object */;
}
